// !$*UTF8*$!
{
	archiveVersion = 1;
	classes = {
	};
	objectVersion = 46;
	objects = {

/* Begin PBXBuildFile section */
		071768AD1912B1BF00A21039 /* expired.mp3 in Resources */ = {isa = PBXBuildFile; fileRef = 071768AC1912B1BF00A21039 /* expired.mp3 */; };
		0719B2BC1905B71600CBD96A /* Icon@2x.png in Resources */ = {isa = PBXBuildFile; fileRef = 0719B2BA1905B71600CBD96A /* Icon@2x.png */; };
		0719B2BD1905B71600CBD96A /* Icon.png in Resources */ = {isa = PBXBuildFile; fileRef = 0719B2BB1905B71600CBD96A /* Icon.png */; };
		0719B2C01905B7B500CBD96A /* SpotlightIcon.png in Resources */ = {isa = PBXBuildFile; fileRef = 0719B2BE1905B7B500CBD96A /* SpotlightIcon.png */; };
		0719B2C11905B7B500CBD96A /* SpotlightIcon@2x.png in Resources */ = {isa = PBXBuildFile; fileRef = 0719B2BF1905B7B500CBD96A /* SpotlightIcon@2x.png */; };
		0719B2C31905B96C00CBD96A /* DefaultImage.png in Resources */ = {isa = PBXBuildFile; fileRef = 0719B2C21905B96C00CBD96A /* DefaultImage.png */; };
		0719B2C51905D70C00CBD96A /* OldDefault.png in Resources */ = {isa = PBXBuildFile; fileRef = 0719B2C41905D70C00CBD96A /* OldDefault.png */; };
		0719B2C71905DE9500CBD96A /* ProductCatalogue.plist in Resources */ = {isa = PBXBuildFile; fileRef = 0719B2C61905DE9500CBD96A /* ProductCatalogue.plist */; };
		0719B2C91905E1F500CBD96A /* StoreKit.framework in Frameworks */ = {isa = PBXBuildFile; fileRef = 0719B2C81905E1F500CBD96A /* StoreKit.framework */; };
		075492441905FF5B002B5561 /* MPPaymentObserver.m in Sources */ = {isa = PBXBuildFile; fileRef = 075492431905FF5B002B5561 /* MPPaymentObserver.m */; };
		079676221912A52E007C4459 /* Settings.bundle in Resources */ = {isa = PBXBuildFile; fileRef = 079676211912A52E007C4459 /* Settings.bundle */; };
		07A01A8B1905A7A2003825BB /* rename@2x.png in Resources */ = {isa = PBXBuildFile; fileRef = 07A01A891905A7A2003825BB /* rename@2x.png */; };
		07A01A8C1905A7A2003825BB /* rename.png in Resources */ = {isa = PBXBuildFile; fileRef = 07A01A8A1905A7A2003825BB /* rename.png */; };
		07A01A8F1905A866003825BB /* MPRenameParkViewController.m in Sources */ = {isa = PBXBuildFile; fileRef = 07A01A8E1905A866003825BB /* MPRenameParkViewController.m */; };
		07BE2CA31908380E000A28A6 /* MPRetroNameViewController.m in Sources */ = {isa = PBXBuildFile; fileRef = 07BE2CA21908380E000A28A6 /* MPRetroNameViewController.m */; };
		07E5330C1917143A00C1A6DF /* Fleksy.framework in Frameworks */ = {isa = PBXBuildFile; fileRef = 07E5330B1917143A00C1A6DF /* Fleksy.framework */; };
		07E5541B19156DB900271D8A /* AudioToolbox.framework in Frameworks */ = {isa = PBXBuildFile; fileRef = 07E5541A19156DB900271D8A /* AudioToolbox.framework */; };
		07E5541D19156DC400271D8A /* QuartzCore.framework in Frameworks */ = {isa = PBXBuildFile; fileRef = 07E5541C19156DC400271D8A /* QuartzCore.framework */; };
		07F8829919033F1A0078AD13 /* Foundation.framework in Frameworks */ = {isa = PBXBuildFile; fileRef = 07F8829819033F1A0078AD13 /* Foundation.framework */; };
		07F8829B19033F1A0078AD13 /* CoreGraphics.framework in Frameworks */ = {isa = PBXBuildFile; fileRef = 07F8829A19033F1A0078AD13 /* CoreGraphics.framework */; };
		07F8829D19033F1A0078AD13 /* UIKit.framework in Frameworks */ = {isa = PBXBuildFile; fileRef = 07F8829C19033F1A0078AD13 /* UIKit.framework */; };
		07F882A319033F1A0078AD13 /* InfoPlist.strings in Resources */ = {isa = PBXBuildFile; fileRef = 07F882A119033F1A0078AD13 /* InfoPlist.strings */; };
		07F882A519033F1A0078AD13 /* main.m in Sources */ = {isa = PBXBuildFile; fileRef = 07F882A419033F1A0078AD13 /* main.m */; };
		07F882B119033F1A0078AD13 /* Images.xcassets in Resources */ = {isa = PBXBuildFile; fileRef = 07F882B019033F1A0078AD13 /* Images.xcassets */; };
		07F882B819033F1A0078AD13 /* XCTest.framework in Frameworks */ = {isa = PBXBuildFile; fileRef = 07F882B719033F1A0078AD13 /* XCTest.framework */; };
		07F882B919033F1A0078AD13 /* Foundation.framework in Frameworks */ = {isa = PBXBuildFile; fileRef = 07F8829819033F1A0078AD13 /* Foundation.framework */; };
		07F882BA19033F1A0078AD13 /* UIKit.framework in Frameworks */ = {isa = PBXBuildFile; fileRef = 07F8829C19033F1A0078AD13 /* UIKit.framework */; };
		07F882C219033F1A0078AD13 /* InfoPlist.strings in Resources */ = {isa = PBXBuildFile; fileRef = 07F882C019033F1A0078AD13 /* InfoPlist.strings */; };
		07F882C419033F1A0078AD13 /* motarTests.m in Sources */ = {isa = PBXBuildFile; fileRef = 07F882C319033F1A0078AD13 /* motarTests.m */; };
		07F882ED19033FF60078AD13 /* automotive.png in Resources */ = {isa = PBXBuildFile; fileRef = 07F882CD19033FF60078AD13 /* automotive.png */; };
		07F882EE19033FF60078AD13 /* automotive@2x.png in Resources */ = {isa = PBXBuildFile; fileRef = 07F882CE19033FF60078AD13 /* automotive@2x.png */; };
		07F882EF19033FF60078AD13 /* autopark.png in Resources */ = {isa = PBXBuildFile; fileRef = 07F882CF19033FF60078AD13 /* autopark.png */; };
		07F882F019033FF60078AD13 /* autopark@2x.png in Resources */ = {isa = PBXBuildFile; fileRef = 07F882D019033FF60078AD13 /* autopark@2x.png */; };
		07F882F119033FF60078AD13 /* camera.png in Resources */ = {isa = PBXBuildFile; fileRef = 07F882D119033FF60078AD13 /* camera.png */; };
		07F882F219033FF60078AD13 /* camera@2x.png in Resources */ = {isa = PBXBuildFile; fileRef = 07F882D219033FF60078AD13 /* camera@2x.png */; };
		07F882F319033FF60078AD13 /* directions.png in Resources */ = {isa = PBXBuildFile; fileRef = 07F882D319033FF60078AD13 /* directions.png */; };
		07F882F419033FF60078AD13 /* directions@2x.png in Resources */ = {isa = PBXBuildFile; fileRef = 07F882D419033FF60078AD13 /* directions@2x.png */; };
		07F882F519033FF60078AD13 /* error.png in Resources */ = {isa = PBXBuildFile; fileRef = 07F882D519033FF60078AD13 /* error.png */; };
		07F882F619033FF60078AD13 /* error@2x.png in Resources */ = {isa = PBXBuildFile; fileRef = 07F882D619033FF60078AD13 /* error@2x.png */; };
		07F882F719033FF60078AD13 /* geo.png in Resources */ = {isa = PBXBuildFile; fileRef = 07F882D719033FF60078AD13 /* geo.png */; };
		07F882F819033FF60078AD13 /* geo@2x.png in Resources */ = {isa = PBXBuildFile; fileRef = 07F882D819033FF60078AD13 /* geo@2x.png */; };
		07F882F919033FF60078AD13 /* iCloud.png in Resources */ = {isa = PBXBuildFile; fileRef = 07F882D919033FF60078AD13 /* iCloud.png */; };
		07F882FA19033FF60078AD13 /* iCloud@2x.png in Resources */ = {isa = PBXBuildFile; fileRef = 07F882DA19033FF60078AD13 /* iCloud@2x.png */; };
		07F882FB19033FF60078AD13 /* loading.png in Resources */ = {isa = PBXBuildFile; fileRef = 07F882DB19033FF60078AD13 /* loading.png */; };
		07F882FC19033FF60078AD13 /* loading@2x.png in Resources */ = {isa = PBXBuildFile; fileRef = 07F882DC19033FF60078AD13 /* loading@2x.png */; };
		07F882FD19033FF60078AD13 /* location.png in Resources */ = {isa = PBXBuildFile; fileRef = 07F882DD19033FF60078AD13 /* location.png */; };
		07F882FE19033FF60078AD13 /* location@2x.png in Resources */ = {isa = PBXBuildFile; fileRef = 07F882DE19033FF60078AD13 /* location@2x.png */; };
		07F882FF19033FF60078AD13 /* parkImage.png in Resources */ = {isa = PBXBuildFile; fileRef = 07F882DF19033FF60078AD13 /* parkImage.png */; };
		07F8830019033FF60078AD13 /* parkImage@2x.png in Resources */ = {isa = PBXBuildFile; fileRef = 07F882E019033FF60078AD13 /* parkImage@2x.png */; };
		07F8830119033FF60078AD13 /* running.png in Resources */ = {isa = PBXBuildFile; fileRef = 07F882E119033FF60078AD13 /* running.png */; };
		07F8830219033FF60078AD13 /* running@2x.png in Resources */ = {isa = PBXBuildFile; fileRef = 07F882E219033FF60078AD13 /* running@2x.png */; };
		07F8830319033FF60078AD13 /* sensor.png in Resources */ = {isa = PBXBuildFile; fileRef = 07F882E319033FF60078AD13 /* sensor.png */; };
		07F8830419033FF60078AD13 /* sensor@2x.png in Resources */ = {isa = PBXBuildFile; fileRef = 07F882E419033FF60078AD13 /* sensor@2x.png */; };
		07F8830519033FF60078AD13 /* share.png in Resources */ = {isa = PBXBuildFile; fileRef = 07F882E519033FF60078AD13 /* share.png */; };
		07F8830619033FF60078AD13 /* share@2x.png in Resources */ = {isa = PBXBuildFile; fileRef = 07F882E619033FF60078AD13 /* share@2x.png */; };
		07F8830719033FF60078AD13 /* stationary.png in Resources */ = {isa = PBXBuildFile; fileRef = 07F882E719033FF60078AD13 /* stationary.png */; };
		07F8830819033FF60078AD13 /* stationary@2x.png in Resources */ = {isa = PBXBuildFile; fileRef = 07F882E819033FF60078AD13 /* stationary@2x.png */; };
		07F8830919033FF60078AD13 /* time.png in Resources */ = {isa = PBXBuildFile; fileRef = 07F882E919033FF60078AD13 /* time.png */; };
		07F8830A19033FF60078AD13 /* time@2x.png in Resources */ = {isa = PBXBuildFile; fileRef = 07F882EA19033FF60078AD13 /* time@2x.png */; };
		07F8830B19033FF60078AD13 /* walking.png in Resources */ = {isa = PBXBuildFile; fileRef = 07F882EB19033FF60078AD13 /* walking.png */; };
		07F8830C19033FF60078AD13 /* walking@2x.png in Resources */ = {isa = PBXBuildFile; fileRef = 07F882EC19033FF60078AD13 /* walking@2x.png */; };
		07F88310190340450078AD13 /* MPAppDelegate.m in Sources */ = {isa = PBXBuildFile; fileRef = 07F8830F190340450078AD13 /* MPAppDelegate.m */; };
		07F88312190340610078AD13 /* Main.storyboard in Resources */ = {isa = PBXBuildFile; fileRef = 07F88311190340610078AD13 /* Main.storyboard */; };
		07F88315190340810078AD13 /* MPColorManager.m in Sources */ = {isa = PBXBuildFile; fileRef = 07F88314190340810078AD13 /* MPColorManager.m */; };
		07F883181903408D0078AD13 /* MPAutoParkManager.m in Sources */ = {isa = PBXBuildFile; fileRef = 07F883171903408D0078AD13 /* MPAutoParkManager.m */; };
		07F8833A190340D70078AD13 /* MPAutoParkViewController.m in Sources */ = {isa = PBXBuildFile; fileRef = 07F8831B190340D60078AD13 /* MPAutoParkViewController.m */; };
		07F8833B190340D70078AD13 /* MPCarNameViewController.m in Sources */ = {isa = PBXBuildFile; fileRef = 07F8831D190340D60078AD13 /* MPCarNameViewController.m */; };
		07F8833C190340D70078AD13 /* MPDataStorageViewController.m in Sources */ = {isa = PBXBuildFile; fileRef = 07F8831F190340D60078AD13 /* MPDataStorageViewController.m */; };
		07F8833D190340D70078AD13 /* MPMainViewController.m in Sources */ = {isa = PBXBuildFile; fileRef = 07F88321190340D60078AD13 /* MPMainViewController.m */; };
		07F8833E190340D70078AD13 /* MPParkImageViewController.m in Sources */ = {isa = PBXBuildFile; fileRef = 07F88323190340D60078AD13 /* MPParkImageViewController.m */; };
		07F8833F190340D70078AD13 /* MPParkInfoViewController.m in Sources */ = {isa = PBXBuildFile; fileRef = 07F88325190340D60078AD13 /* MPParkInfoViewController.m */; };
		07F88340190340D70078AD13 /* MPParkViewController.m in Sources */ = {isa = PBXBuildFile; fileRef = 07F88327190340D60078AD13 /* MPParkViewController.m */; };
		07F88341190340D70078AD13 /* MPPinColorTableViewController.m in Sources */ = {isa = PBXBuildFile; fileRef = 07F88329190340D60078AD13 /* MPPinColorTableViewController.m */; };
		07F88342190340D70078AD13 /* MPPreviousParkViewController.m in Sources */ = {isa = PBXBuildFile; fileRef = 07F8832B190340D60078AD13 /* MPPreviousParkViewController.m */; };
		07F88343190340D70078AD13 /* MPPreviousTableViewController.m in Sources */ = {isa = PBXBuildFile; fileRef = 07F8832D190340D60078AD13 /* MPPreviousTableViewController.m */; };
		07F88344190340D70078AD13 /* MPRetroReturnTimeViewController.m in Sources */ = {isa = PBXBuildFile; fileRef = 07F8832F190340D60078AD13 /* MPRetroReturnTimeViewController.m */; };
		07F88345190340D70078AD13 /* MPReturnTimeViewController.m in Sources */ = {isa = PBXBuildFile; fileRef = 07F88331190340D70078AD13 /* MPReturnTimeViewController.m */; };
		07F88346190340D70078AD13 /* MPSettingsTableViewController.m in Sources */ = {isa = PBXBuildFile; fileRef = 07F88333190340D70078AD13 /* MPSettingsTableViewController.m */; };
		07F88347190340D70078AD13 /* MPTutorialParkInfoViewController.m in Sources */ = {isa = PBXBuildFile; fileRef = 07F88335190340D70078AD13 /* MPTutorialParkInfoViewController.m */; };
		07F88348190340D70078AD13 /* MPTutorialParkViewController.m in Sources */ = {isa = PBXBuildFile; fileRef = 07F88337190340D70078AD13 /* MPTutorialParkViewController.m */; };
		07F88349190340D70078AD13 /* MPTutorialViewController.m in Sources */ = {isa = PBXBuildFile; fileRef = 07F88339190340D70078AD13 /* MPTutorialViewController.m */; };
		07F8834D190341460078AD13 /* MPPark.m in Sources */ = {isa = PBXBuildFile; fileRef = 07F8834C190341460078AD13 /* MPPark.m */; };
		07F88351190341800078AD13 /* MPParkButton.m in Sources */ = {isa = PBXBuildFile; fileRef = 07F88350190341800078AD13 /* MPParkButton.m */; };
		07F883531903418D0078AD13 /* CoreMotion.framework in Frameworks */ = {isa = PBXBuildFile; fileRef = 07F883521903418D0078AD13 /* CoreMotion.framework */; };
		07F88356190341A30078AD13 /* MapKit.framework in Frameworks */ = {isa = PBXBuildFile; fileRef = 07F88355190341A30078AD13 /* MapKit.framework */; };
		07F88359190341B40078AD13 /* MPParkStatusMeter.m in Sources */ = {isa = PBXBuildFile; fileRef = 07F88358190341B40078AD13 /* MPParkStatusMeter.m */; };
		07F8835C190341CC0078AD13 /* MPParkTimeView.m in Sources */ = {isa = PBXBuildFile; fileRef = 07F8835B190341CC0078AD13 /* MPParkTimeView.m */; };
		07F8835F190341E80078AD13 /* MPReturnTimeView.m in Sources */ = {isa = PBXBuildFile; fileRef = 07F8835E190341E80078AD13 /* MPReturnTimeView.m */; };
		07F88362190342050078AD13 /* MPShortInfoBubble.m in Sources */ = {isa = PBXBuildFile; fileRef = 07F88361190342050078AD13 /* MPShortInfoBubble.m */; };
		07F88364190342430078AD13 /* iAd.framework in Frameworks */ = {isa = PBXBuildFile; fileRef = 07F88363190342430078AD13 /* iAd.framework */; };
		07FE940D191195E100CBA0D0 /* Accounts.framework in Frameworks */ = {isa = PBXBuildFile; fileRef = 07FE940C191195E100CBA0D0 /* Accounts.framework */; };
		07FE94111911983400CBA0D0 /* Social.framework in Frameworks */ = {isa = PBXBuildFile; fileRef = 07FE94101911983400CBA0D0 /* Social.framework */; };
/* End PBXBuildFile section */

/* Begin PBXContainerItemProxy section */
		07F882BB19033F1A0078AD13 /* PBXContainerItemProxy */ = {
			isa = PBXContainerItemProxy;
			containerPortal = 07F8828D19033F1A0078AD13 /* Project object */;
			proxyType = 1;
			remoteGlobalIDString = 07F8829419033F1A0078AD13;
			remoteInfo = motar;
		};
/* End PBXContainerItemProxy section */

/* Begin PBXFileReference section */
		071768AC1912B1BF00A21039 /* expired.mp3 */ = {isa = PBXFileReference; lastKnownFileType = audio.mp3; path = expired.mp3; sourceTree = "<group>"; };
		0719B2BA1905B71600CBD96A /* Icon@2x.png */ = {isa = PBXFileReference; lastKnownFileType = image.png; path = "Icon@2x.png"; sourceTree = "<group>"; };
		0719B2BB1905B71600CBD96A /* Icon.png */ = {isa = PBXFileReference; lastKnownFileType = image.png; path = Icon.png; sourceTree = "<group>"; };
		0719B2BE1905B7B500CBD96A /* SpotlightIcon.png */ = {isa = PBXFileReference; lastKnownFileType = image.png; path = SpotlightIcon.png; sourceTree = "<group>"; };
		0719B2BF1905B7B500CBD96A /* SpotlightIcon@2x.png */ = {isa = PBXFileReference; lastKnownFileType = image.png; path = "SpotlightIcon@2x.png"; sourceTree = "<group>"; };
		0719B2C21905B96C00CBD96A /* DefaultImage.png */ = {isa = PBXFileReference; lastKnownFileType = image.png; path = DefaultImage.png; sourceTree = "<group>"; };
		0719B2C41905D70C00CBD96A /* OldDefault.png */ = {isa = PBXFileReference; lastKnownFileType = image.png; path = OldDefault.png; sourceTree = "<group>"; };
		0719B2C61905DE9500CBD96A /* ProductCatalogue.plist */ = {isa = PBXFileReference; fileEncoding = 4; lastKnownFileType = text.plist.xml; path = ProductCatalogue.plist; sourceTree = "<group>"; };
		0719B2C81905E1F500CBD96A /* StoreKit.framework */ = {isa = PBXFileReference; lastKnownFileType = wrapper.framework; name = StoreKit.framework; path = System/Library/Frameworks/StoreKit.framework; sourceTree = SDKROOT; };
		075492421905FF5B002B5561 /* MPPaymentObserver.h */ = {isa = PBXFileReference; fileEncoding = 4; lastKnownFileType = sourcecode.c.h; path = MPPaymentObserver.h; sourceTree = "<group>"; };
		075492431905FF5B002B5561 /* MPPaymentObserver.m */ = {isa = PBXFileReference; fileEncoding = 4; lastKnownFileType = sourcecode.c.objc; path = MPPaymentObserver.m; sourceTree = "<group>"; };
		079676211912A52E007C4459 /* Settings.bundle */ = {isa = PBXFileReference; lastKnownFileType = "wrapper.plug-in"; path = Settings.bundle; sourceTree = "<group>"; };
		07A01A891905A7A2003825BB /* rename@2x.png */ = {isa = PBXFileReference; lastKnownFileType = image.png; path = "rename@2x.png"; sourceTree = "<group>"; };
		07A01A8A1905A7A2003825BB /* rename.png */ = {isa = PBXFileReference; lastKnownFileType = image.png; path = rename.png; sourceTree = "<group>"; };
		07A01A8D1905A866003825BB /* MPRenameParkViewController.h */ = {isa = PBXFileReference; fileEncoding = 4; lastKnownFileType = sourcecode.c.h; path = MPRenameParkViewController.h; sourceTree = "<group>"; };
		07A01A8E1905A866003825BB /* MPRenameParkViewController.m */ = {isa = PBXFileReference; fileEncoding = 4; lastKnownFileType = sourcecode.c.objc; path = MPRenameParkViewController.m; sourceTree = "<group>"; };
		07BE2CA11908380E000A28A6 /* MPRetroNameViewController.h */ = {isa = PBXFileReference; fileEncoding = 4; lastKnownFileType = sourcecode.c.h; path = MPRetroNameViewController.h; sourceTree = "<group>"; };
		07BE2CA21908380E000A28A6 /* MPRetroNameViewController.m */ = {isa = PBXFileReference; fileEncoding = 4; lastKnownFileType = sourcecode.c.objc; path = MPRetroNameViewController.m; sourceTree = "<group>"; };
		07DFB6F3190737C600CB14C0 /* motar.entitlements */ = {isa = PBXFileReference; lastKnownFileType = text.xml; path = motar.entitlements; sourceTree = "<group>"; };
		07E5330B1917143A00C1A6DF /* Fleksy.framework */ = {isa = PBXFileReference; lastKnownFileType = wrapper.framework; path = Fleksy.framework; sourceTree = "<group>"; };
		07E5541A19156DB900271D8A /* AudioToolbox.framework */ = {isa = PBXFileReference; lastKnownFileType = wrapper.framework; name = AudioToolbox.framework; path = System/Library/Frameworks/AudioToolbox.framework; sourceTree = SDKROOT; };
		07E5541C19156DC400271D8A /* QuartzCore.framework */ = {isa = PBXFileReference; lastKnownFileType = wrapper.framework; name = QuartzCore.framework; path = System/Library/Frameworks/QuartzCore.framework; sourceTree = SDKROOT; };
		07F8829519033F1A0078AD13 /* motar.app */ = {isa = PBXFileReference; explicitFileType = wrapper.application; includeInIndex = 0; path = motar.app; sourceTree = BUILT_PRODUCTS_DIR; };
		07F8829819033F1A0078AD13 /* Foundation.framework */ = {isa = PBXFileReference; lastKnownFileType = wrapper.framework; name = Foundation.framework; path = System/Library/Frameworks/Foundation.framework; sourceTree = SDKROOT; };
		07F8829A19033F1A0078AD13 /* CoreGraphics.framework */ = {isa = PBXFileReference; lastKnownFileType = wrapper.framework; name = CoreGraphics.framework; path = System/Library/Frameworks/CoreGraphics.framework; sourceTree = SDKROOT; };
		07F8829C19033F1A0078AD13 /* UIKit.framework */ = {isa = PBXFileReference; lastKnownFileType = wrapper.framework; name = UIKit.framework; path = System/Library/Frameworks/UIKit.framework; sourceTree = SDKROOT; };
		07F882A019033F1A0078AD13 /* motar-Info.plist */ = {isa = PBXFileReference; lastKnownFileType = text.plist.xml; path = "motar-Info.plist"; sourceTree = "<group>"; };
		07F882A219033F1A0078AD13 /* en */ = {isa = PBXFileReference; lastKnownFileType = text.plist.strings; name = en; path = en.lproj/InfoPlist.strings; sourceTree = "<group>"; };
		07F882A419033F1A0078AD13 /* main.m */ = {isa = PBXFileReference; lastKnownFileType = sourcecode.c.objc; path = main.m; sourceTree = "<group>"; };
		07F882A619033F1A0078AD13 /* motar-Prefix.pch */ = {isa = PBXFileReference; lastKnownFileType = sourcecode.c.h; path = "motar-Prefix.pch"; sourceTree = "<group>"; };
		07F882B019033F1A0078AD13 /* Images.xcassets */ = {isa = PBXFileReference; lastKnownFileType = folder.assetcatalog; path = Images.xcassets; sourceTree = "<group>"; };
		07F882B619033F1A0078AD13 /* motarTests.xctest */ = {isa = PBXFileReference; explicitFileType = wrapper.cfbundle; includeInIndex = 0; path = motarTests.xctest; sourceTree = BUILT_PRODUCTS_DIR; };
		07F882B719033F1A0078AD13 /* XCTest.framework */ = {isa = PBXFileReference; lastKnownFileType = wrapper.framework; name = XCTest.framework; path = Library/Frameworks/XCTest.framework; sourceTree = DEVELOPER_DIR; };
		07F882BF19033F1A0078AD13 /* motarTests-Info.plist */ = {isa = PBXFileReference; lastKnownFileType = text.plist.xml; path = "motarTests-Info.plist"; sourceTree = "<group>"; };
		07F882C119033F1A0078AD13 /* en */ = {isa = PBXFileReference; lastKnownFileType = text.plist.strings; name = en; path = en.lproj/InfoPlist.strings; sourceTree = "<group>"; };
		07F882C319033F1A0078AD13 /* motarTests.m */ = {isa = PBXFileReference; lastKnownFileType = sourcecode.c.objc; path = motarTests.m; sourceTree = "<group>"; };
		07F882CD19033FF60078AD13 /* automotive.png */ = {isa = PBXFileReference; lastKnownFileType = image.png; path = automotive.png; sourceTree = "<group>"; };
		07F882CE19033FF60078AD13 /* automotive@2x.png */ = {isa = PBXFileReference; lastKnownFileType = image.png; path = "automotive@2x.png"; sourceTree = "<group>"; };
		07F882CF19033FF60078AD13 /* autopark.png */ = {isa = PBXFileReference; lastKnownFileType = image.png; path = autopark.png; sourceTree = "<group>"; };
		07F882D019033FF60078AD13 /* autopark@2x.png */ = {isa = PBXFileReference; lastKnownFileType = image.png; path = "autopark@2x.png"; sourceTree = "<group>"; };
		07F882D119033FF60078AD13 /* camera.png */ = {isa = PBXFileReference; lastKnownFileType = image.png; path = camera.png; sourceTree = "<group>"; };
		07F882D219033FF60078AD13 /* camera@2x.png */ = {isa = PBXFileReference; lastKnownFileType = image.png; path = "camera@2x.png"; sourceTree = "<group>"; };
		07F882D319033FF60078AD13 /* directions.png */ = {isa = PBXFileReference; lastKnownFileType = image.png; path = directions.png; sourceTree = "<group>"; };
		07F882D419033FF60078AD13 /* directions@2x.png */ = {isa = PBXFileReference; lastKnownFileType = image.png; path = "directions@2x.png"; sourceTree = "<group>"; };
		07F882D519033FF60078AD13 /* error.png */ = {isa = PBXFileReference; lastKnownFileType = image.png; path = error.png; sourceTree = "<group>"; };
		07F882D619033FF60078AD13 /* error@2x.png */ = {isa = PBXFileReference; lastKnownFileType = image.png; path = "error@2x.png"; sourceTree = "<group>"; };
		07F882D719033FF60078AD13 /* geo.png */ = {isa = PBXFileReference; lastKnownFileType = image.png; path = geo.png; sourceTree = "<group>"; };
		07F882D819033FF60078AD13 /* geo@2x.png */ = {isa = PBXFileReference; lastKnownFileType = image.png; path = "geo@2x.png"; sourceTree = "<group>"; };
		07F882D919033FF60078AD13 /* iCloud.png */ = {isa = PBXFileReference; lastKnownFileType = image.png; path = iCloud.png; sourceTree = "<group>"; };
		07F882DA19033FF60078AD13 /* iCloud@2x.png */ = {isa = PBXFileReference; lastKnownFileType = image.png; path = "iCloud@2x.png"; sourceTree = "<group>"; };
		07F882DB19033FF60078AD13 /* loading.png */ = {isa = PBXFileReference; lastKnownFileType = image.png; path = loading.png; sourceTree = "<group>"; };
		07F882DC19033FF60078AD13 /* loading@2x.png */ = {isa = PBXFileReference; lastKnownFileType = image.png; path = "loading@2x.png"; sourceTree = "<group>"; };
		07F882DD19033FF60078AD13 /* location.png */ = {isa = PBXFileReference; lastKnownFileType = image.png; path = location.png; sourceTree = "<group>"; };
		07F882DE19033FF60078AD13 /* location@2x.png */ = {isa = PBXFileReference; lastKnownFileType = image.png; path = "location@2x.png"; sourceTree = "<group>"; };
		07F882DF19033FF60078AD13 /* parkImage.png */ = {isa = PBXFileReference; lastKnownFileType = image.png; path = parkImage.png; sourceTree = "<group>"; };
		07F882E019033FF60078AD13 /* parkImage@2x.png */ = {isa = PBXFileReference; lastKnownFileType = image.png; path = "parkImage@2x.png"; sourceTree = "<group>"; };
		07F882E119033FF60078AD13 /* running.png */ = {isa = PBXFileReference; lastKnownFileType = image.png; path = running.png; sourceTree = "<group>"; };
		07F882E219033FF60078AD13 /* running@2x.png */ = {isa = PBXFileReference; lastKnownFileType = image.png; path = "running@2x.png"; sourceTree = "<group>"; };
		07F882E319033FF60078AD13 /* sensor.png */ = {isa = PBXFileReference; lastKnownFileType = image.png; path = sensor.png; sourceTree = "<group>"; };
		07F882E419033FF60078AD13 /* sensor@2x.png */ = {isa = PBXFileReference; lastKnownFileType = image.png; path = "sensor@2x.png"; sourceTree = "<group>"; };
		07F882E519033FF60078AD13 /* share.png */ = {isa = PBXFileReference; lastKnownFileType = image.png; path = share.png; sourceTree = "<group>"; };
		07F882E619033FF60078AD13 /* share@2x.png */ = {isa = PBXFileReference; lastKnownFileType = image.png; path = "share@2x.png"; sourceTree = "<group>"; };
		07F882E719033FF60078AD13 /* stationary.png */ = {isa = PBXFileReference; lastKnownFileType = image.png; path = stationary.png; sourceTree = "<group>"; };
		07F882E819033FF60078AD13 /* stationary@2x.png */ = {isa = PBXFileReference; lastKnownFileType = image.png; path = "stationary@2x.png"; sourceTree = "<group>"; };
		07F882E919033FF60078AD13 /* time.png */ = {isa = PBXFileReference; lastKnownFileType = image.png; path = time.png; sourceTree = "<group>"; };
		07F882EA19033FF60078AD13 /* time@2x.png */ = {isa = PBXFileReference; lastKnownFileType = image.png; path = "time@2x.png"; sourceTree = "<group>"; };
		07F882EB19033FF60078AD13 /* walking.png */ = {isa = PBXFileReference; lastKnownFileType = image.png; path = walking.png; sourceTree = "<group>"; };
		07F882EC19033FF60078AD13 /* walking@2x.png */ = {isa = PBXFileReference; lastKnownFileType = image.png; path = "walking@2x.png"; sourceTree = "<group>"; };
		07F8830E190340450078AD13 /* MPAppDelegate.h */ = {isa = PBXFileReference; fileEncoding = 4; lastKnownFileType = sourcecode.c.h; lineEnding = 0; path = MPAppDelegate.h; sourceTree = "<group>"; xcLanguageSpecificationIdentifier = xcode.lang.objcpp; };
		07F8830F190340450078AD13 /* MPAppDelegate.m */ = {isa = PBXFileReference; fileEncoding = 4; lastKnownFileType = sourcecode.c.objc; lineEnding = 0; path = MPAppDelegate.m; sourceTree = "<group>"; xcLanguageSpecificationIdentifier = xcode.lang.objc; };
		07F88311190340610078AD13 /* Main.storyboard */ = {isa = PBXFileReference; fileEncoding = 4; lastKnownFileType = file.storyboard; path = Main.storyboard; sourceTree = "<group>"; };
		07F88313190340810078AD13 /* MPColorManager.h */ = {isa = PBXFileReference; fileEncoding = 4; lastKnownFileType = sourcecode.c.h; lineEnding = 0; path = MPColorManager.h; sourceTree = "<group>"; xcLanguageSpecificationIdentifier = xcode.lang.objcpp; };
		07F88314190340810078AD13 /* MPColorManager.m */ = {isa = PBXFileReference; fileEncoding = 4; lastKnownFileType = sourcecode.c.objc; lineEnding = 0; path = MPColorManager.m; sourceTree = "<group>"; xcLanguageSpecificationIdentifier = xcode.lang.objc; };
		07F883161903408D0078AD13 /* MPAutoParkManager.h */ = {isa = PBXFileReference; fileEncoding = 4; lastKnownFileType = sourcecode.c.h; lineEnding = 0; path = MPAutoParkManager.h; sourceTree = "<group>"; xcLanguageSpecificationIdentifier = xcode.lang.objcpp; };
		07F883171903408D0078AD13 /* MPAutoParkManager.m */ = {isa = PBXFileReference; fileEncoding = 4; lastKnownFileType = sourcecode.c.objc; lineEnding = 0; path = MPAutoParkManager.m; sourceTree = "<group>"; xcLanguageSpecificationIdentifier = xcode.lang.objc; };
		07F8831A190340D60078AD13 /* MPAutoParkViewController.h */ = {isa = PBXFileReference; fileEncoding = 4; lastKnownFileType = sourcecode.c.h; lineEnding = 0; path = MPAutoParkViewController.h; sourceTree = "<group>"; xcLanguageSpecificationIdentifier = xcode.lang.objcpp; };
		07F8831B190340D60078AD13 /* MPAutoParkViewController.m */ = {isa = PBXFileReference; fileEncoding = 4; lastKnownFileType = sourcecode.c.objc; lineEnding = 0; path = MPAutoParkViewController.m; sourceTree = "<group>"; xcLanguageSpecificationIdentifier = xcode.lang.objc; };
		07F8831C190340D60078AD13 /* MPCarNameViewController.h */ = {isa = PBXFileReference; fileEncoding = 4; lastKnownFileType = sourcecode.c.h; lineEnding = 0; path = MPCarNameViewController.h; sourceTree = "<group>"; xcLanguageSpecificationIdentifier = xcode.lang.objcpp; };
		07F8831D190340D60078AD13 /* MPCarNameViewController.m */ = {isa = PBXFileReference; fileEncoding = 4; lastKnownFileType = sourcecode.c.objc; lineEnding = 0; path = MPCarNameViewController.m; sourceTree = "<group>"; xcLanguageSpecificationIdentifier = xcode.lang.objc; };
		07F8831E190340D60078AD13 /* MPDataStorageViewController.h */ = {isa = PBXFileReference; fileEncoding = 4; lastKnownFileType = sourcecode.c.h; lineEnding = 0; path = MPDataStorageViewController.h; sourceTree = "<group>"; xcLanguageSpecificationIdentifier = xcode.lang.objcpp; };
		07F8831F190340D60078AD13 /* MPDataStorageViewController.m */ = {isa = PBXFileReference; fileEncoding = 4; lastKnownFileType = sourcecode.c.objc; lineEnding = 0; path = MPDataStorageViewController.m; sourceTree = "<group>"; xcLanguageSpecificationIdentifier = xcode.lang.objc; };
		07F88320190340D60078AD13 /* MPMainViewController.h */ = {isa = PBXFileReference; fileEncoding = 4; lastKnownFileType = sourcecode.c.h; lineEnding = 0; path = MPMainViewController.h; sourceTree = "<group>"; xcLanguageSpecificationIdentifier = xcode.lang.objcpp; };
		07F88321190340D60078AD13 /* MPMainViewController.m */ = {isa = PBXFileReference; fileEncoding = 4; lastKnownFileType = sourcecode.c.objc; lineEnding = 0; path = MPMainViewController.m; sourceTree = "<group>"; xcLanguageSpecificationIdentifier = xcode.lang.objc; };
		07F88322190340D60078AD13 /* MPParkImageViewController.h */ = {isa = PBXFileReference; fileEncoding = 4; lastKnownFileType = sourcecode.c.h; lineEnding = 0; path = MPParkImageViewController.h; sourceTree = "<group>"; xcLanguageSpecificationIdentifier = xcode.lang.objcpp; };
		07F88323190340D60078AD13 /* MPParkImageViewController.m */ = {isa = PBXFileReference; fileEncoding = 4; lastKnownFileType = sourcecode.c.objc; lineEnding = 0; path = MPParkImageViewController.m; sourceTree = "<group>"; xcLanguageSpecificationIdentifier = xcode.lang.objc; };
		07F88324190340D60078AD13 /* MPParkInfoViewController.h */ = {isa = PBXFileReference; fileEncoding = 4; lastKnownFileType = sourcecode.c.h; lineEnding = 0; path = MPParkInfoViewController.h; sourceTree = "<group>"; xcLanguageSpecificationIdentifier = xcode.lang.objcpp; };
		07F88325190340D60078AD13 /* MPParkInfoViewController.m */ = {isa = PBXFileReference; fileEncoding = 4; lastKnownFileType = sourcecode.c.objc; lineEnding = 0; path = MPParkInfoViewController.m; sourceTree = "<group>"; xcLanguageSpecificationIdentifier = xcode.lang.objc; };
		07F88326190340D60078AD13 /* MPParkViewController.h */ = {isa = PBXFileReference; fileEncoding = 4; lastKnownFileType = sourcecode.c.h; lineEnding = 0; path = MPParkViewController.h; sourceTree = "<group>"; xcLanguageSpecificationIdentifier = xcode.lang.objcpp; };
		07F88327190340D60078AD13 /* MPParkViewController.m */ = {isa = PBXFileReference; fileEncoding = 4; lastKnownFileType = sourcecode.c.objc; lineEnding = 0; path = MPParkViewController.m; sourceTree = "<group>"; xcLanguageSpecificationIdentifier = xcode.lang.objc; };
		07F88328190340D60078AD13 /* MPPinColorTableViewController.h */ = {isa = PBXFileReference; fileEncoding = 4; lastKnownFileType = sourcecode.c.h; lineEnding = 0; path = MPPinColorTableViewController.h; sourceTree = "<group>"; xcLanguageSpecificationIdentifier = xcode.lang.objcpp; };
		07F88329190340D60078AD13 /* MPPinColorTableViewController.m */ = {isa = PBXFileReference; fileEncoding = 4; lastKnownFileType = sourcecode.c.objc; lineEnding = 0; path = MPPinColorTableViewController.m; sourceTree = "<group>"; xcLanguageSpecificationIdentifier = xcode.lang.objc; };
		07F8832A190340D60078AD13 /* MPPreviousParkViewController.h */ = {isa = PBXFileReference; fileEncoding = 4; lastKnownFileType = sourcecode.c.h; lineEnding = 0; path = MPPreviousParkViewController.h; sourceTree = "<group>"; xcLanguageSpecificationIdentifier = xcode.lang.objcpp; };
		07F8832B190340D60078AD13 /* MPPreviousParkViewController.m */ = {isa = PBXFileReference; fileEncoding = 4; lastKnownFileType = sourcecode.c.objc; lineEnding = 0; path = MPPreviousParkViewController.m; sourceTree = "<group>"; xcLanguageSpecificationIdentifier = xcode.lang.objc; };
		07F8832C190340D60078AD13 /* MPPreviousTableViewController.h */ = {isa = PBXFileReference; fileEncoding = 4; lastKnownFileType = sourcecode.c.h; lineEnding = 0; path = MPPreviousTableViewController.h; sourceTree = "<group>"; xcLanguageSpecificationIdentifier = xcode.lang.objcpp; };
		07F8832D190340D60078AD13 /* MPPreviousTableViewController.m */ = {isa = PBXFileReference; fileEncoding = 4; lastKnownFileType = sourcecode.c.objc; lineEnding = 0; path = MPPreviousTableViewController.m; sourceTree = "<group>"; xcLanguageSpecificationIdentifier = xcode.lang.objc; };
		07F8832E190340D60078AD13 /* MPRetroReturnTimeViewController.h */ = {isa = PBXFileReference; fileEncoding = 4; lastKnownFileType = sourcecode.c.h; lineEnding = 0; path = MPRetroReturnTimeViewController.h; sourceTree = "<group>"; xcLanguageSpecificationIdentifier = xcode.lang.objcpp; };
		07F8832F190340D60078AD13 /* MPRetroReturnTimeViewController.m */ = {isa = PBXFileReference; fileEncoding = 4; lastKnownFileType = sourcecode.c.objc; lineEnding = 0; path = MPRetroReturnTimeViewController.m; sourceTree = "<group>"; xcLanguageSpecificationIdentifier = xcode.lang.objc; };
		07F88330190340D70078AD13 /* MPReturnTimeViewController.h */ = {isa = PBXFileReference; fileEncoding = 4; lastKnownFileType = sourcecode.c.h; lineEnding = 0; path = MPReturnTimeViewController.h; sourceTree = "<group>"; xcLanguageSpecificationIdentifier = xcode.lang.objcpp; };
		07F88331190340D70078AD13 /* MPReturnTimeViewController.m */ = {isa = PBXFileReference; fileEncoding = 4; lastKnownFileType = sourcecode.c.objc; lineEnding = 0; path = MPReturnTimeViewController.m; sourceTree = "<group>"; xcLanguageSpecificationIdentifier = xcode.lang.objc; };
		07F88332190340D70078AD13 /* MPSettingsTableViewController.h */ = {isa = PBXFileReference; fileEncoding = 4; lastKnownFileType = sourcecode.c.h; lineEnding = 0; path = MPSettingsTableViewController.h; sourceTree = "<group>"; xcLanguageSpecificationIdentifier = xcode.lang.objcpp; };
		07F88333190340D70078AD13 /* MPSettingsTableViewController.m */ = {isa = PBXFileReference; fileEncoding = 4; lastKnownFileType = sourcecode.c.objc; lineEnding = 0; path = MPSettingsTableViewController.m; sourceTree = "<group>"; xcLanguageSpecificationIdentifier = xcode.lang.objc; };
		07F88334190340D70078AD13 /* MPTutorialParkInfoViewController.h */ = {isa = PBXFileReference; fileEncoding = 4; lastKnownFileType = sourcecode.c.h; lineEnding = 0; path = MPTutorialParkInfoViewController.h; sourceTree = "<group>"; xcLanguageSpecificationIdentifier = xcode.lang.objcpp; };
		07F88335190340D70078AD13 /* MPTutorialParkInfoViewController.m */ = {isa = PBXFileReference; fileEncoding = 4; lastKnownFileType = sourcecode.c.objc; lineEnding = 0; path = MPTutorialParkInfoViewController.m; sourceTree = "<group>"; xcLanguageSpecificationIdentifier = xcode.lang.objc; };
		07F88336190340D70078AD13 /* MPTutorialParkViewController.h */ = {isa = PBXFileReference; fileEncoding = 4; lastKnownFileType = sourcecode.c.h; lineEnding = 0; path = MPTutorialParkViewController.h; sourceTree = "<group>"; xcLanguageSpecificationIdentifier = xcode.lang.objcpp; };
		07F88337190340D70078AD13 /* MPTutorialParkViewController.m */ = {isa = PBXFileReference; fileEncoding = 4; lastKnownFileType = sourcecode.c.objc; lineEnding = 0; path = MPTutorialParkViewController.m; sourceTree = "<group>"; xcLanguageSpecificationIdentifier = xcode.lang.objc; };
		07F88338190340D70078AD13 /* MPTutorialViewController.h */ = {isa = PBXFileReference; fileEncoding = 4; lastKnownFileType = sourcecode.c.h; lineEnding = 0; path = MPTutorialViewController.h; sourceTree = "<group>"; xcLanguageSpecificationIdentifier = xcode.lang.objcpp; };
		07F88339190340D70078AD13 /* MPTutorialViewController.m */ = {isa = PBXFileReference; fileEncoding = 4; lastKnownFileType = sourcecode.c.objc; lineEnding = 0; path = MPTutorialViewController.m; sourceTree = "<group>"; xcLanguageSpecificationIdentifier = xcode.lang.objc; };
		07F8834B190341460078AD13 /* MPPark.h */ = {isa = PBXFileReference; fileEncoding = 4; lastKnownFileType = sourcecode.c.h; lineEnding = 0; path = MPPark.h; sourceTree = "<group>"; xcLanguageSpecificationIdentifier = xcode.lang.objcpp; };
		07F8834C190341460078AD13 /* MPPark.m */ = {isa = PBXFileReference; fileEncoding = 4; lastKnownFileType = sourcecode.c.objc; lineEnding = 0; path = MPPark.m; sourceTree = "<group>"; xcLanguageSpecificationIdentifier = xcode.lang.objc; };
		07F8834F190341800078AD13 /* MPParkButton.h */ = {isa = PBXFileReference; fileEncoding = 4; lastKnownFileType = sourcecode.c.h; lineEnding = 0; path = MPParkButton.h; sourceTree = "<group>"; xcLanguageSpecificationIdentifier = xcode.lang.objcpp; };
		07F88350190341800078AD13 /* MPParkButton.m */ = {isa = PBXFileReference; fileEncoding = 4; lastKnownFileType = sourcecode.c.objc; lineEnding = 0; path = MPParkButton.m; sourceTree = "<group>"; xcLanguageSpecificationIdentifier = xcode.lang.objc; };
		07F883521903418D0078AD13 /* CoreMotion.framework */ = {isa = PBXFileReference; lastKnownFileType = wrapper.framework; name = CoreMotion.framework; path = System/Library/Frameworks/CoreMotion.framework; sourceTree = SDKROOT; };
		07F88355190341A30078AD13 /* MapKit.framework */ = {isa = PBXFileReference; lastKnownFileType = wrapper.framework; name = MapKit.framework; path = System/Library/Frameworks/MapKit.framework; sourceTree = SDKROOT; };
		07F88357190341B40078AD13 /* MPParkStatusMeter.h */ = {isa = PBXFileReference; fileEncoding = 4; lastKnownFileType = sourcecode.c.h; lineEnding = 0; path = MPParkStatusMeter.h; sourceTree = "<group>"; xcLanguageSpecificationIdentifier = xcode.lang.objcpp; };
		07F88358190341B40078AD13 /* MPParkStatusMeter.m */ = {isa = PBXFileReference; fileEncoding = 4; lastKnownFileType = sourcecode.c.objc; lineEnding = 0; path = MPParkStatusMeter.m; sourceTree = "<group>"; xcLanguageSpecificationIdentifier = xcode.lang.objc; };
		07F8835A190341CC0078AD13 /* MPParkTimeView.h */ = {isa = PBXFileReference; fileEncoding = 4; lastKnownFileType = sourcecode.c.h; lineEnding = 0; path = MPParkTimeView.h; sourceTree = "<group>"; xcLanguageSpecificationIdentifier = xcode.lang.objcpp; };
		07F8835B190341CC0078AD13 /* MPParkTimeView.m */ = {isa = PBXFileReference; fileEncoding = 4; lastKnownFileType = sourcecode.c.objc; lineEnding = 0; path = MPParkTimeView.m; sourceTree = "<group>"; xcLanguageSpecificationIdentifier = xcode.lang.objc; };
		07F8835D190341E80078AD13 /* MPReturnTimeView.h */ = {isa = PBXFileReference; fileEncoding = 4; lastKnownFileType = sourcecode.c.h; lineEnding = 0; path = MPReturnTimeView.h; sourceTree = "<group>"; xcLanguageSpecificationIdentifier = xcode.lang.objcpp; };
		07F8835E190341E80078AD13 /* MPReturnTimeView.m */ = {isa = PBXFileReference; fileEncoding = 4; lastKnownFileType = sourcecode.c.objc; lineEnding = 0; path = MPReturnTimeView.m; sourceTree = "<group>"; xcLanguageSpecificationIdentifier = xcode.lang.objc; };
		07F88360190342050078AD13 /* MPShortInfoBubble.h */ = {isa = PBXFileReference; fileEncoding = 4; lastKnownFileType = sourcecode.c.h; lineEnding = 0; path = MPShortInfoBubble.h; sourceTree = "<group>"; xcLanguageSpecificationIdentifier = xcode.lang.objcpp; };
		07F88361190342050078AD13 /* MPShortInfoBubble.m */ = {isa = PBXFileReference; fileEncoding = 4; lastKnownFileType = sourcecode.c.objc; lineEnding = 0; path = MPShortInfoBubble.m; sourceTree = "<group>"; xcLanguageSpecificationIdentifier = xcode.lang.objc; };
		07F88363190342430078AD13 /* iAd.framework */ = {isa = PBXFileReference; lastKnownFileType = wrapper.framework; name = iAd.framework; path = System/Library/Frameworks/iAd.framework; sourceTree = SDKROOT; };
		07FE940C191195E100CBA0D0 /* Accounts.framework */ = {isa = PBXFileReference; lastKnownFileType = wrapper.framework; name = Accounts.framework; path = System/Library/Frameworks/Accounts.framework; sourceTree = SDKROOT; };
		07FE940E191197F600CBA0D0 /* Twitter.framework */ = {isa = PBXFileReference; lastKnownFileType = wrapper.framework; name = Twitter.framework; path = System/Library/Frameworks/Twitter.framework; sourceTree = SDKROOT; };
		07FE94101911983400CBA0D0 /* Social.framework */ = {isa = PBXFileReference; lastKnownFileType = wrapper.framework; name = Social.framework; path = System/Library/Frameworks/Social.framework; sourceTree = SDKROOT; };
/* End PBXFileReference section */

/* Begin PBXFrameworksBuildPhase section */
		07F8829219033F1A0078AD13 /* Frameworks */ = {
			isa = PBXFrameworksBuildPhase;
			buildActionMask = 2147483647;
			files = (
				07E5541D19156DC400271D8A /* QuartzCore.framework in Frameworks */,
				07E5541B19156DB900271D8A /* AudioToolbox.framework in Frameworks */,
				07E5330C1917143A00C1A6DF /* Fleksy.framework in Frameworks */,
				07FE94111911983400CBA0D0 /* Social.framework in Frameworks */,
				07FE940D191195E100CBA0D0 /* Accounts.framework in Frameworks */,
				07F88364190342430078AD13 /* iAd.framework in Frameworks */,
				0719B2C91905E1F500CBD96A /* StoreKit.framework in Frameworks */,
				07F883531903418D0078AD13 /* CoreMotion.framework in Frameworks */,
				07F8829B19033F1A0078AD13 /* CoreGraphics.framework in Frameworks */,
				07F88356190341A30078AD13 /* MapKit.framework in Frameworks */,
				07F8829D19033F1A0078AD13 /* UIKit.framework in Frameworks */,
				07F8829919033F1A0078AD13 /* Foundation.framework in Frameworks */,
			);
			runOnlyForDeploymentPostprocessing = 0;
		};
		07F882B319033F1A0078AD13 /* Frameworks */ = {
			isa = PBXFrameworksBuildPhase;
			buildActionMask = 2147483647;
			files = (
				07F882B819033F1A0078AD13 /* XCTest.framework in Frameworks */,
				07F882BA19033F1A0078AD13 /* UIKit.framework in Frameworks */,
				07F882B919033F1A0078AD13 /* Foundation.framework in Frameworks */,
			);
			runOnlyForDeploymentPostprocessing = 0;
		};
/* End PBXFrameworksBuildPhase section */

/* Begin PBXGroup section */
		07F8828C19033F1A0078AD13 = {
			isa = PBXGroup;
			children = (
				07F8829E19033F1A0078AD13 /* motar */,
				07F882BD19033F1A0078AD13 /* motarTests */,
				07F8829719033F1A0078AD13 /* Frameworks */,
				07F8829619033F1A0078AD13 /* Products */,
			);
			sourceTree = "<group>";
		};
		07F8829619033F1A0078AD13 /* Products */ = {
			isa = PBXGroup;
			children = (
				07F8829519033F1A0078AD13 /* motar.app */,
				07F882B619033F1A0078AD13 /* motarTests.xctest */,
			);
			name = Products;
			sourceTree = "<group>";
		};
		07F8829719033F1A0078AD13 /* Frameworks */ = {
			isa = PBXGroup;
			children = (
				07E5541C19156DC400271D8A /* QuartzCore.framework */,
				07E5330B1917143A00C1A6DF /* Fleksy.framework */,
				07E5541A19156DB900271D8A /* AudioToolbox.framework */,
				07FE94101911983400CBA0D0 /* Social.framework */,
				07FE940E191197F600CBA0D0 /* Twitter.framework */,
				07FE940C191195E100CBA0D0 /* Accounts.framework */,
				0719B2C81905E1F500CBD96A /* StoreKit.framework */,
				07F88363190342430078AD13 /* iAd.framework */,
				07F88355190341A30078AD13 /* MapKit.framework */,
				07F883521903418D0078AD13 /* CoreMotion.framework */,
				07F8829819033F1A0078AD13 /* Foundation.framework */,
				07F8829A19033F1A0078AD13 /* CoreGraphics.framework */,
				07F8829C19033F1A0078AD13 /* UIKit.framework */,
				07F882B719033F1A0078AD13 /* XCTest.framework */,
			);
			name = Frameworks;
			sourceTree = "<group>";
		};
		07F8829E19033F1A0078AD13 /* motar */ = {
			isa = PBXGroup;
			children = (
				07DFB6F3190737C600CB14C0 /* motar.entitlements */,
				07F88319190340AD0078AD13 /* View Controllers */,
				07F8834E190341500078AD13 /* UI Parts */,
				07F8834A190341210078AD13 /* Data Structures */,
				07F8830D1903401F0078AD13 /* Other */,
				07F8829F19033F1A0078AD13 /* Supporting Files */,
				07F882B019033F1A0078AD13 /* Images.xcassets */,
			);
			path = motar;
			sourceTree = "<group>";
		};
		07F8829F19033F1A0078AD13 /* Supporting Files */ = {
			isa = PBXGroup;
			children = (
				079676211912A52E007C4459 /* Settings.bundle */,
				071768AC1912B1BF00A21039 /* expired.mp3 */,
				0719B2C41905D70C00CBD96A /* OldDefault.png */,
				0719B2C21905B96C00CBD96A /* DefaultImage.png */,
				0719B2BE1905B7B500CBD96A /* SpotlightIcon.png */,
				0719B2BF1905B7B500CBD96A /* SpotlightIcon@2x.png */,
				0719B2BB1905B71600CBD96A /* Icon.png */,
				0719B2BA1905B71600CBD96A /* Icon@2x.png */,
				07A01A8A1905A7A2003825BB /* rename.png */,
				07A01A891905A7A2003825BB /* rename@2x.png */,
				07F882CD19033FF60078AD13 /* automotive.png */,
				07F882CE19033FF60078AD13 /* automotive@2x.png */,
				07F882CF19033FF60078AD13 /* autopark.png */,
				07F882D019033FF60078AD13 /* autopark@2x.png */,
				07F882D119033FF60078AD13 /* camera.png */,
				07F882D219033FF60078AD13 /* camera@2x.png */,
				07F882D319033FF60078AD13 /* directions.png */,
				07F882D419033FF60078AD13 /* directions@2x.png */,
				07F882D519033FF60078AD13 /* error.png */,
				07F882D619033FF60078AD13 /* error@2x.png */,
				07F882D719033FF60078AD13 /* geo.png */,
				07F882D819033FF60078AD13 /* geo@2x.png */,
				07F882D919033FF60078AD13 /* iCloud.png */,
				07F882DA19033FF60078AD13 /* iCloud@2x.png */,
				07F882DB19033FF60078AD13 /* loading.png */,
				07F882DC19033FF60078AD13 /* loading@2x.png */,
				07F882DD19033FF60078AD13 /* location.png */,
				07F882DE19033FF60078AD13 /* location@2x.png */,
				07F882DF19033FF60078AD13 /* parkImage.png */,
				07F882E019033FF60078AD13 /* parkImage@2x.png */,
				07F882E119033FF60078AD13 /* running.png */,
				07F882E219033FF60078AD13 /* running@2x.png */,
				07F882E319033FF60078AD13 /* sensor.png */,
				07F882E419033FF60078AD13 /* sensor@2x.png */,
				07F882E519033FF60078AD13 /* share.png */,
				07F882E619033FF60078AD13 /* share@2x.png */,
				07F882E719033FF60078AD13 /* stationary.png */,
				07F882E819033FF60078AD13 /* stationary@2x.png */,
				07F882E919033FF60078AD13 /* time.png */,
				07F882EA19033FF60078AD13 /* time@2x.png */,
				07F882EB19033FF60078AD13 /* walking.png */,
				07F882EC19033FF60078AD13 /* walking@2x.png */,
				07F882A019033F1A0078AD13 /* motar-Info.plist */,
				07F882A119033F1A0078AD13 /* InfoPlist.strings */,
				07F882A419033F1A0078AD13 /* main.m */,
				07F882A619033F1A0078AD13 /* motar-Prefix.pch */,
				0719B2C61905DE9500CBD96A /* ProductCatalogue.plist */,
			);
			name = "Supporting Files";
			sourceTree = "<group>";
		};
		07F882BD19033F1A0078AD13 /* motarTests */ = {
			isa = PBXGroup;
			children = (
				07F882C319033F1A0078AD13 /* motarTests.m */,
				07F882BE19033F1A0078AD13 /* Supporting Files */,
			);
			path = motarTests;
			sourceTree = "<group>";
		};
		07F882BE19033F1A0078AD13 /* Supporting Files */ = {
			isa = PBXGroup;
			children = (
				07F882BF19033F1A0078AD13 /* motarTests-Info.plist */,
				07F882C019033F1A0078AD13 /* InfoPlist.strings */,
			);
			name = "Supporting Files";
			sourceTree = "<group>";
		};
		07F8830D1903401F0078AD13 /* Other */ = {
			isa = PBXGroup;
			children = (
				07F8830E190340450078AD13 /* MPAppDelegate.h */,
				07F8830F190340450078AD13 /* MPAppDelegate.m */,
				07F883161903408D0078AD13 /* MPAutoParkManager.h */,
				07F883171903408D0078AD13 /* MPAutoParkManager.m */,
				07F88313190340810078AD13 /* MPColorManager.h */,
				07F88314190340810078AD13 /* MPColorManager.m */,
				075492421905FF5B002B5561 /* MPPaymentObserver.h */,
				075492431905FF5B002B5561 /* MPPaymentObserver.m */,
				07F88311190340610078AD13 /* Main.storyboard */,
			);
			name = Other;
			sourceTree = "<group>";
		};
		07F88319190340AD0078AD13 /* View Controllers */ = {
			isa = PBXGroup;
			children = (
				07F8831A190340D60078AD13 /* MPAutoParkViewController.h */,
				07F8831B190340D60078AD13 /* MPAutoParkViewController.m */,
				07F8831C190340D60078AD13 /* MPCarNameViewController.h */,
				07F8831D190340D60078AD13 /* MPCarNameViewController.m */,
				07F8831E190340D60078AD13 /* MPDataStorageViewController.h */,
				07F8831F190340D60078AD13 /* MPDataStorageViewController.m */,
				07F88320190340D60078AD13 /* MPMainViewController.h */,
				07F88321190340D60078AD13 /* MPMainViewController.m */,
				07F88322190340D60078AD13 /* MPParkImageViewController.h */,
				07F88323190340D60078AD13 /* MPParkImageViewController.m */,
				07F88324190340D60078AD13 /* MPParkInfoViewController.h */,
				07F88325190340D60078AD13 /* MPParkInfoViewController.m */,
				07F88326190340D60078AD13 /* MPParkViewController.h */,
				07F88327190340D60078AD13 /* MPParkViewController.m */,
				07F88328190340D60078AD13 /* MPPinColorTableViewController.h */,
				07F88329190340D60078AD13 /* MPPinColorTableViewController.m */,
				07F8832A190340D60078AD13 /* MPPreviousParkViewController.h */,
				07F8832B190340D60078AD13 /* MPPreviousParkViewController.m */,
				07F8832C190340D60078AD13 /* MPPreviousTableViewController.h */,
				07F8832D190340D60078AD13 /* MPPreviousTableViewController.m */,
				07F8832E190340D60078AD13 /* MPRetroReturnTimeViewController.h */,
				07F8832F190340D60078AD13 /* MPRetroReturnTimeViewController.m */,
				07F88330190340D70078AD13 /* MPReturnTimeViewController.h */,
				07F88331190340D70078AD13 /* MPReturnTimeViewController.m */,
				07F88332190340D70078AD13 /* MPSettingsTableViewController.h */,
				07F88333190340D70078AD13 /* MPSettingsTableViewController.m */,
				07F88334190340D70078AD13 /* MPTutorialParkInfoViewController.h */,
				07F88335190340D70078AD13 /* MPTutorialParkInfoViewController.m */,
				07F88336190340D70078AD13 /* MPTutorialParkViewController.h */,
				07F88337190340D70078AD13 /* MPTutorialParkViewController.m */,
				07F88338190340D70078AD13 /* MPTutorialViewController.h */,
				07F88339190340D70078AD13 /* MPTutorialViewController.m */,
				07A01A8D1905A866003825BB /* MPRenameParkViewController.h */,
				07A01A8E1905A866003825BB /* MPRenameParkViewController.m */,
				07BE2CA11908380E000A28A6 /* MPRetroNameViewController.h */,
				07BE2CA21908380E000A28A6 /* MPRetroNameViewController.m */,
			);
			name = "View Controllers";
			sourceTree = "<group>";
		};
		07F8834A190341210078AD13 /* Data Structures */ = {
			isa = PBXGroup;
			children = (
				07F8834B190341460078AD13 /* MPPark.h */,
				07F8834C190341460078AD13 /* MPPark.m */,
			);
			name = "Data Structures";
			sourceTree = "<group>";
		};
		07F8834E190341500078AD13 /* UI Parts */ = {
			isa = PBXGroup;
			children = (
				07F8834F190341800078AD13 /* MPParkButton.h */,
				07F88350190341800078AD13 /* MPParkButton.m */,
				07F88357190341B40078AD13 /* MPParkStatusMeter.h */,
				07F88358190341B40078AD13 /* MPParkStatusMeter.m */,
				07F8835A190341CC0078AD13 /* MPParkTimeView.h */,
				07F8835B190341CC0078AD13 /* MPParkTimeView.m */,
				07F8835D190341E80078AD13 /* MPReturnTimeView.h */,
				07F8835E190341E80078AD13 /* MPReturnTimeView.m */,
				07F88360190342050078AD13 /* MPShortInfoBubble.h */,
				07F88361190342050078AD13 /* MPShortInfoBubble.m */,
			);
			name = "UI Parts";
			sourceTree = "<group>";
		};
/* End PBXGroup section */

/* Begin PBXNativeTarget section */
		07F8829419033F1A0078AD13 /* motar */ = {
			isa = PBXNativeTarget;
			buildConfigurationList = 07F882C719033F1A0078AD13 /* Build configuration list for PBXNativeTarget "motar" */;
			buildPhases = (
				07F8829119033F1A0078AD13 /* Sources */,
				07F8829219033F1A0078AD13 /* Frameworks */,
				07F8829319033F1A0078AD13 /* Resources */,
			);
			buildRules = (
			);
			dependencies = (
			);
			name = motar;
			productName = motar;
			productReference = 07F8829519033F1A0078AD13 /* motar.app */;
			productType = "com.apple.product-type.application";
		};
		07F882B519033F1A0078AD13 /* motarTests */ = {
			isa = PBXNativeTarget;
			buildConfigurationList = 07F882CA19033F1A0078AD13 /* Build configuration list for PBXNativeTarget "motarTests" */;
			buildPhases = (
				07F882B219033F1A0078AD13 /* Sources */,
				07F882B319033F1A0078AD13 /* Frameworks */,
				07F882B419033F1A0078AD13 /* Resources */,
			);
			buildRules = (
			);
			dependencies = (
				07F882BC19033F1A0078AD13 /* PBXTargetDependency */,
			);
			name = motarTests;
			productName = motarTests;
			productReference = 07F882B619033F1A0078AD13 /* motarTests.xctest */;
			productType = "com.apple.product-type.bundle.unit-test";
		};
/* End PBXNativeTarget section */

/* Begin PBXProject section */
		07F8828D19033F1A0078AD13 /* Project object */ = {
			isa = PBXProject;
			attributes = {
				CLASSPREFIX = MP;
				LastUpgradeCheck = 0510;
				ORGANIZATIONNAME = "Varun Santhanam";
				TargetAttributes = {
					07F8829419033F1A0078AD13 = {
						DevelopmentTeam = 3FJXDZ3HU4;
						SystemCapabilities = {
							com.apple.BackgroundModes = {
								enabled = 1;
							};
							com.apple.InAppPurchase = {
								enabled = 1;
							};
							com.apple.iCloud = {
								enabled = 1;
							};
							com.apple.iOS = {
								enabled = 1;
							};
						};
					};
					07F882B519033F1A0078AD13 = {
						TestTargetID = 07F8829419033F1A0078AD13;
					};
				};
			};
			buildConfigurationList = 07F8829019033F1A0078AD13 /* Build configuration list for PBXProject "motar" */;
			compatibilityVersion = "Xcode 3.2";
			developmentRegion = English;
			hasScannedForEncodings = 0;
			knownRegions = (
				en,
				Base,
			);
			mainGroup = 07F8828C19033F1A0078AD13;
			productRefGroup = 07F8829619033F1A0078AD13 /* Products */;
			projectDirPath = "";
			projectRoot = "";
			targets = (
				07F8829419033F1A0078AD13 /* motar */,
				07F882B519033F1A0078AD13 /* motarTests */,
			);
		};
/* End PBXProject section */

/* Begin PBXResourcesBuildPhase section */
		07F8829319033F1A0078AD13 /* Resources */ = {
			isa = PBXResourcesBuildPhase;
			buildActionMask = 2147483647;
			files = (
				07F8830C19033FF60078AD13 /* walking@2x.png in Resources */,
				07F882ED19033FF60078AD13 /* automotive.png in Resources */,
				0719B2C71905DE9500CBD96A /* ProductCatalogue.plist in Resources */,
				07F882F119033FF60078AD13 /* camera.png in Resources */,
				07F882F319033FF60078AD13 /* directions.png in Resources */,
				07F882F619033FF60078AD13 /* error@2x.png in Resources */,
				07F882FF19033FF60078AD13 /* parkImage.png in Resources */,
				079676221912A52E007C4459 /* Settings.bundle in Resources */,
				07A01A8C1905A7A2003825BB /* rename.png in Resources */,
				07F882F019033FF60078AD13 /* autopark@2x.png in Resources */,
				07F8830719033FF60078AD13 /* stationary.png in Resources */,
				07F882F219033FF60078AD13 /* camera@2x.png in Resources */,
				07F882F519033FF60078AD13 /* error.png in Resources */,
				07F882FD19033FF60078AD13 /* location.png in Resources */,
				07F882EF19033FF60078AD13 /* autopark.png in Resources */,
				07F8830019033FF60078AD13 /* parkImage@2x.png in Resources */,
				07F882FB19033FF60078AD13 /* loading.png in Resources */,
				0719B2C31905B96C00CBD96A /* DefaultImage.png in Resources */,
				0719B2BC1905B71600CBD96A /* Icon@2x.png in Resources */,
				07F8830619033FF60078AD13 /* share@2x.png in Resources */,
				07F882FC19033FF60078AD13 /* loading@2x.png in Resources */,
				07F882F819033FF60078AD13 /* geo@2x.png in Resources */,
				071768AD1912B1BF00A21039 /* expired.mp3 in Resources */,
				0719B2C01905B7B500CBD96A /* SpotlightIcon.png in Resources */,
				07F8830819033FF60078AD13 /* stationary@2x.png in Resources */,
				0719B2C51905D70C00CBD96A /* OldDefault.png in Resources */,
				07F8830319033FF60078AD13 /* sensor.png in Resources */,
				07F882F719033FF60078AD13 /* geo.png in Resources */,
				07F8830119033FF60078AD13 /* running.png in Resources */,
				07F88312190340610078AD13 /* Main.storyboard in Resources */,
				07F882FA19033FF60078AD13 /* iCloud@2x.png in Resources */,
				07F882F419033FF60078AD13 /* directions@2x.png in Resources */,
				07F8830B19033FF60078AD13 /* walking.png in Resources */,
				07F8830519033FF60078AD13 /* share.png in Resources */,
				07A01A8B1905A7A2003825BB /* rename@2x.png in Resources */,
				07F8830A19033FF60078AD13 /* time@2x.png in Resources */,
				07F882B119033F1A0078AD13 /* Images.xcassets in Resources */,
				07F882A319033F1A0078AD13 /* InfoPlist.strings in Resources */,
				07F8830219033FF60078AD13 /* running@2x.png in Resources */,
				0719B2BD1905B71600CBD96A /* Icon.png in Resources */,
				07F8830419033FF60078AD13 /* sensor@2x.png in Resources */,
				0719B2C11905B7B500CBD96A /* SpotlightIcon@2x.png in Resources */,
				07F882FE19033FF60078AD13 /* location@2x.png in Resources */,
				07F882F919033FF60078AD13 /* iCloud.png in Resources */,
				07F8830919033FF60078AD13 /* time.png in Resources */,
				07F882EE19033FF60078AD13 /* automotive@2x.png in Resources */,
			);
			runOnlyForDeploymentPostprocessing = 0;
		};
		07F882B419033F1A0078AD13 /* Resources */ = {
			isa = PBXResourcesBuildPhase;
			buildActionMask = 2147483647;
			files = (
				07F882C219033F1A0078AD13 /* InfoPlist.strings in Resources */,
			);
			runOnlyForDeploymentPostprocessing = 0;
		};
/* End PBXResourcesBuildPhase section */

/* Begin PBXSourcesBuildPhase section */
		07F8829119033F1A0078AD13 /* Sources */ = {
			isa = PBXSourcesBuildPhase;
			buildActionMask = 2147483647;
			files = (
				07F88351190341800078AD13 /* MPParkButton.m in Sources */,
				07F8833E190340D70078AD13 /* MPParkImageViewController.m in Sources */,
				07F88348190340D70078AD13 /* MPTutorialParkViewController.m in Sources */,
				07F8833C190340D70078AD13 /* MPDataStorageViewController.m in Sources */,
				07F88345190340D70078AD13 /* MPReturnTimeViewController.m in Sources */,
				07F88347190340D70078AD13 /* MPTutorialParkInfoViewController.m in Sources */,
				07A01A8F1905A866003825BB /* MPRenameParkViewController.m in Sources */,
				07F882A519033F1A0078AD13 /* main.m in Sources */,
				07F8834D190341460078AD13 /* MPPark.m in Sources */,
				07F8835C190341CC0078AD13 /* MPParkTimeView.m in Sources */,
				07F8833D190340D70078AD13 /* MPMainViewController.m in Sources */,
				07BE2CA31908380E000A28A6 /* MPRetroNameViewController.m in Sources */,
				07F88342190340D70078AD13 /* MPPreviousParkViewController.m in Sources */,
				07F88346190340D70078AD13 /* MPSettingsTableViewController.m in Sources */,
				075492441905FF5B002B5561 /* MPPaymentObserver.m in Sources */,
				07F8833A190340D70078AD13 /* MPAutoParkViewController.m in Sources */,
				07F88362190342050078AD13 /* MPShortInfoBubble.m in Sources */,
				07F8833F190340D70078AD13 /* MPParkInfoViewController.m in Sources */,
				07F88343190340D70078AD13 /* MPPreviousTableViewController.m in Sources */,
				07F88344190340D70078AD13 /* MPRetroReturnTimeViewController.m in Sources */,
				07F88349190340D70078AD13 /* MPTutorialViewController.m in Sources */,
				07F883181903408D0078AD13 /* MPAutoParkManager.m in Sources */,
				07F8833B190340D70078AD13 /* MPCarNameViewController.m in Sources */,
				07F8835F190341E80078AD13 /* MPReturnTimeView.m in Sources */,
				07F88341190340D70078AD13 /* MPPinColorTableViewController.m in Sources */,
				07F88359190341B40078AD13 /* MPParkStatusMeter.m in Sources */,
				07F88310190340450078AD13 /* MPAppDelegate.m in Sources */,
				07F88340190340D70078AD13 /* MPParkViewController.m in Sources */,
				07F88315190340810078AD13 /* MPColorManager.m in Sources */,
			);
			runOnlyForDeploymentPostprocessing = 0;
		};
		07F882B219033F1A0078AD13 /* Sources */ = {
			isa = PBXSourcesBuildPhase;
			buildActionMask = 2147483647;
			files = (
				07F882C419033F1A0078AD13 /* motarTests.m in Sources */,
			);
			runOnlyForDeploymentPostprocessing = 0;
		};
/* End PBXSourcesBuildPhase section */

/* Begin PBXTargetDependency section */
		07F882BC19033F1A0078AD13 /* PBXTargetDependency */ = {
			isa = PBXTargetDependency;
			target = 07F8829419033F1A0078AD13 /* motar */;
			targetProxy = 07F882BB19033F1A0078AD13 /* PBXContainerItemProxy */;
		};
/* End PBXTargetDependency section */

/* Begin PBXVariantGroup section */
		07F882A119033F1A0078AD13 /* InfoPlist.strings */ = {
			isa = PBXVariantGroup;
			children = (
				07F882A219033F1A0078AD13 /* en */,
			);
			name = InfoPlist.strings;
			sourceTree = "<group>";
		};
		07F882C019033F1A0078AD13 /* InfoPlist.strings */ = {
			isa = PBXVariantGroup;
			children = (
				07F882C119033F1A0078AD13 /* en */,
			);
			name = InfoPlist.strings;
			sourceTree = "<group>";
		};
/* End PBXVariantGroup section */

/* Begin XCBuildConfiguration section */
		07F882C519033F1A0078AD13 /* Debug */ = {
			isa = XCBuildConfiguration;
			buildSettings = {
				ALWAYS_SEARCH_USER_PATHS = NO;
				CLANG_CXX_LANGUAGE_STANDARD = "gnu++0x";
				CLANG_CXX_LIBRARY = "libc++";
				CLANG_ENABLE_MODULES = YES;
				CLANG_ENABLE_OBJC_ARC = YES;
				CLANG_WARN_BOOL_CONVERSION = YES;
				CLANG_WARN_CONSTANT_CONVERSION = YES;
				CLANG_WARN_DIRECT_OBJC_ISA_USAGE = YES_ERROR;
				CLANG_WARN_EMPTY_BODY = YES;
				CLANG_WARN_ENUM_CONVERSION = YES;
				CLANG_WARN_INT_CONVERSION = YES;
				CLANG_WARN_OBJC_ROOT_CLASS = YES_ERROR;
				CLANG_WARN__DUPLICATE_METHOD_MATCH = YES;
				"CODE_SIGN_IDENTITY[sdk=iphoneos*]" = "iPhone Developer";
				COPY_PHASE_STRIP = NO;
				GCC_C_LANGUAGE_STANDARD = gnu99;
				GCC_DYNAMIC_NO_PIC = NO;
				GCC_OPTIMIZATION_LEVEL = 0;
				GCC_PREPROCESSOR_DEFINITIONS = (
					"DEBUG=1",
					"$(inherited)",
				);
				GCC_SYMBOLS_PRIVATE_EXTERN = NO;
				GCC_WARN_64_TO_32_BIT_CONVERSION = YES;
				GCC_WARN_ABOUT_RETURN_TYPE = YES_ERROR;
				GCC_WARN_UNDECLARED_SELECTOR = YES;
				GCC_WARN_UNINITIALIZED_AUTOS = YES_AGGRESSIVE;
				GCC_WARN_UNUSED_FUNCTION = YES;
				GCC_WARN_UNUSED_VARIABLE = YES;
				IPHONEOS_DEPLOYMENT_TARGET = 7.1;
				ONLY_ACTIVE_ARCH = YES;
				SDKROOT = iphoneos;
			};
			name = Debug;
		};
		07F882C619033F1A0078AD13 /* Release */ = {
			isa = XCBuildConfiguration;
			buildSettings = {
				ALWAYS_SEARCH_USER_PATHS = NO;
				CLANG_CXX_LANGUAGE_STANDARD = "gnu++0x";
				CLANG_CXX_LIBRARY = "libc++";
				CLANG_ENABLE_MODULES = YES;
				CLANG_ENABLE_OBJC_ARC = YES;
				CLANG_WARN_BOOL_CONVERSION = YES;
				CLANG_WARN_CONSTANT_CONVERSION = YES;
				CLANG_WARN_DIRECT_OBJC_ISA_USAGE = YES_ERROR;
				CLANG_WARN_EMPTY_BODY = YES;
				CLANG_WARN_ENUM_CONVERSION = YES;
				CLANG_WARN_INT_CONVERSION = YES;
				CLANG_WARN_OBJC_ROOT_CLASS = YES_ERROR;
				CLANG_WARN__DUPLICATE_METHOD_MATCH = YES;
				"CODE_SIGN_IDENTITY[sdk=iphoneos*]" = "iPhone Developer";
				COPY_PHASE_STRIP = YES;
				ENABLE_NS_ASSERTIONS = NO;
				GCC_C_LANGUAGE_STANDARD = gnu99;
				GCC_WARN_64_TO_32_BIT_CONVERSION = YES;
				GCC_WARN_ABOUT_RETURN_TYPE = YES_ERROR;
				GCC_WARN_UNDECLARED_SELECTOR = YES;
				GCC_WARN_UNINITIALIZED_AUTOS = YES_AGGRESSIVE;
				GCC_WARN_UNUSED_FUNCTION = YES;
				GCC_WARN_UNUSED_VARIABLE = YES;
				IPHONEOS_DEPLOYMENT_TARGET = 7.1;
				SDKROOT = iphoneos;
				VALIDATE_PRODUCT = YES;
			};
			name = Release;
		};
		07F882C819033F1A0078AD13 /* Debug */ = {
			isa = XCBuildConfiguration;
			buildSettings = {
				ASSETCATALOG_COMPILER_APPICON_NAME = AppIcon;
				ASSETCATALOG_COMPILER_LAUNCHIMAGE_NAME = LaunchImage;
				CODE_SIGN_ENTITLEMENTS = motar/motar.entitlements;
				CODE_SIGN_IDENTITY = "iPhone Developer";
				"CODE_SIGN_IDENTITY[sdk=iphoneos*]" = "iPhone Developer";
				FRAMEWORK_SEARCH_PATHS = (
					"$(inherited)",
					"$(PROJECT_DIR)",
				);
				GCC_PRECOMPILE_PREFIX_HEADER = YES;
				GCC_PREFIX_HEADER = "motar/motar-Prefix.pch";
				INFOPLIST_FILE = "motar/motar-Info.plist";
				OTHER_LDFLAGS = (
					"-lc++",
					"-ObjC",
				);
				PRODUCT_NAME = "$(TARGET_NAME)";
				PROVISIONING_PROFILE = "";
				WRAPPER_EXTENSION = app;
			};
			name = Debug;
		};
		07F882C919033F1A0078AD13 /* Release */ = {
			isa = XCBuildConfiguration;
			buildSettings = {
				ASSETCATALOG_COMPILER_APPICON_NAME = AppIcon;
				ASSETCATALOG_COMPILER_LAUNCHIMAGE_NAME = LaunchImage;
				CODE_SIGN_ENTITLEMENTS = motar/motar.entitlements;
				CODE_SIGN_IDENTITY = "iPhone Developer";
				"CODE_SIGN_IDENTITY[sdk=iphoneos*]" = "iPhone Developer";
				FRAMEWORK_SEARCH_PATHS = (
					"$(inherited)",
					"$(PROJECT_DIR)",
				);
				GCC_PRECOMPILE_PREFIX_HEADER = YES;
				GCC_PREFIX_HEADER = "motar/motar-Prefix.pch";
				INFOPLIST_FILE = "motar/motar-Info.plist";
				OTHER_LDFLAGS = (
					"-lc++",
					"-ObjC",
				);
				PRODUCT_NAME = "$(TARGET_NAME)";
				PROVISIONING_PROFILE = "";
				WRAPPER_EXTENSION = app;
			};
			name = Release;
		};
		07F882CB19033F1A0078AD13 /* Debug */ = {
			isa = XCBuildConfiguration;
			buildSettings = {
				BUNDLE_LOADER = "$(BUILT_PRODUCTS_DIR)/motar.app/motar";
				FRAMEWORK_SEARCH_PATHS = (
					"$(SDKROOT)/Developer/Library/Frameworks",
					"$(inherited)",
					"$(DEVELOPER_FRAMEWORKS_DIR)",
				);
				GCC_PRECOMPILE_PREFIX_HEADER = YES;
				GCC_PREFIX_HEADER = "motar/motar-Prefix.pch";
				GCC_PREPROCESSOR_DEFINITIONS = (
					"DEBUG=1",
					"$(inherited)",
				);
				INFOPLIST_FILE = "motarTests/motarTests-Info.plist";
				PRODUCT_NAME = "$(TARGET_NAME)";
				TEST_HOST = "$(BUNDLE_LOADER)";
				WRAPPER_EXTENSION = xctest;
			};
			name = Debug;
		};
		07F882CC19033F1A0078AD13 /* Release */ = {
			isa = XCBuildConfiguration;
			buildSettings = {
				BUNDLE_LOADER = "$(BUILT_PRODUCTS_DIR)/motar.app/motar";
				FRAMEWORK_SEARCH_PATHS = (
					"$(SDKROOT)/Developer/Library/Frameworks",
					"$(inherited)",
					"$(DEVELOPER_FRAMEWORKS_DIR)",
				);
				GCC_PRECOMPILE_PREFIX_HEADER = YES;
				GCC_PREFIX_HEADER = "motar/motar-Prefix.pch";
				INFOPLIST_FILE = "motarTests/motarTests-Info.plist";
				PRODUCT_NAME = "$(TARGET_NAME)";
				TEST_HOST = "$(BUNDLE_LOADER)";
				WRAPPER_EXTENSION = xctest;
			};
			name = Release;
		};
/* End XCBuildConfiguration section */

/* Begin XCConfigurationList section */
		07F8829019033F1A0078AD13 /* Build configuration list for PBXProject "motar" */ = {
			isa = XCConfigurationList;
			buildConfigurations = (
				07F882C519033F1A0078AD13 /* Debug */,
				07F882C619033F1A0078AD13 /* Release */,
			);
			defaultConfigurationIsVisible = 0;
			defaultConfigurationName = Release;
		};
		07F882C719033F1A0078AD13 /* Build configuration list for PBXNativeTarget "motar" */ = {
			isa = XCConfigurationList;
			buildConfigurations = (
				07F882C819033F1A0078AD13 /* Debug */,
				07F882C919033F1A0078AD13 /* Release */,
			);
			defaultConfigurationIsVisible = 0;
			defaultConfigurationName = Release;
		};
		07F882CA19033F1A0078AD13 /* Build configuration list for PBXNativeTarget "motarTests" */ = {
			isa = XCConfigurationList;
			buildConfigurations = (
				07F882CB19033F1A0078AD13 /* Debug */,
				07F882CC19033F1A0078AD13 /* Release */,
			);
			defaultConfigurationIsVisible = 0;
			defaultConfigurationName = Release;
		};
/* End XCConfigurationList section */
	};
	rootObject = 07F8828D19033F1A0078AD13 /* Project object */;
}
